
Microsoft Visual Studio Solution File, Format Version 12.00
# Visual Studio Version 17
VisualStudioVersion = 17.11.35208.52
MinimumVisualStudioVersion = 10.0.40219.1
Project("{FAE04EC0-301F-11D3-BF4B-00C04F79EFBC}") = "BankingApp", "BankingApp\BankingApp.csproj", "{BC7760E5-7691-460A-A044-D056409BE1C9}"
EndProject
Global
	GlobalSection(SolutionConfigurationPlatforms) = preSolution
		Debug|Any CPU = Debug|Any CPU
		Release|Any CPU = Release|Any CPU
	EndGlobalSection
	GlobalSection(ProjectConfigurationPlatforms) = postSolution
		{BC7760E5-7691-460A-A044-D056409BE1C9}.Debug|Any CPU.ActiveCfg = Debug|Any CPU
		{BC7760E5-7691-460A-A044-D056409BE1C9}.Debug|Any CPU.Build.0 = Debug|Any CPU
		{BC7760E5-7691-460A-A044-D056409BE1C9}.Release|Any CPU.ActiveCfg = Release|Any CPU
		{BC7760E5-7691-460A-A044-D056409BE1C9}.Release|Any CPU.Build.0 = Release|Any CPU
	EndGlobalSection
	GlobalSection(SolutionProperties) = preSolution
		HideSolutionNode = FALSE
	EndGlobalSection
	GlobalSection(ExtensibilityGlobals) = postSolution
		SolutionGuid = {DD611E6C-BD6B-47C1-AABD-4A698431FB91}
	EndGlobalSection
EndGlobal
